{
  "requires": true,
  "lockfileVersion": 1,
  "dependencies": {
    "@agm/core": {
      "version": "1.0.0-beta.5",
      "resolved": "https://registry.npmjs.org/@agm/core/-/core-1.0.0-beta.5.tgz",
      "integrity": "sha512-LVENJqtBZEWpX+uJkGI0zgg+Xkm2KkktQm4ojZozArbeNvQkVL6pqVc04Mme6vvOzwJpD1cET5w4byC8Xaq1QQ=="
    },
    "agm-direction": {
      "version": "0.7.5",
      "resolved": "https://registry.npmjs.org/agm-direction/-/agm-direction-0.7.5.tgz",
      "integrity": "sha512-sEe7uX4gh3+Dzjj5+lGrJrUDx3kOs4/NVe1/mHuBAxisSjlqxntlFme7FQ8aS8YiSD53wst6+Cy0N5X7WP8XJw=="
    },
    "angular-in-memory-web-api": {
      "version": "0.8.0",
      "resolved": "https://registry.npmjs.org/angular-in-memory-web-api/-/angular-in-memory-web-api-0.8.0.tgz",
      "integrity": "sha512-2n0YtCLFxZo4JePHvH6q8b7JmBmhZq44Ic8VaBPRSXE4vAmlKXHU+kI2quNa612EAETDRkZcvLOU8K8CkhIZgQ=="
    }
  }
}
